// !$*UTF8*$!
{
	archiveVersion = 1;
	classes = {
	};
	objectVersion = 77;
	objects = {

/* Begin PBXContainerItemProxy section */
		C05C1E142F3DCDD5007DA26B /* PBXContainerItemProxy */ = {
			isa = PBXContainerItemProxy;
			containerPortal = C05C1DFC2F3DCDD4007DA26B /* Project object */;
			proxyType = 1;
			remoteGlobalIDString = C05C1E032F3DCDD4007DA26B;
			remoteInfo = TodoPro;
		};
		C05C1E1E2F3DCDD5007DA26B /* PBXContainerItemProxy */ = {
			isa = PBXContainerItemProxy;
			containerPortal = C05C1DFC2F3DCDD4007DA26B /* Project object */;
			proxyType = 1;
			remoteGlobalIDString = C05C1E032F3DCDD4007DA26B;
			remoteInfo = TodoPro;
		};
/* End PBXContainerItemProxy section */

/* Begin PBXFileReference section */
		C05C1E042F3DCDD4007DA26B /* TodoPro.app */ = {isa = PBXFileReference; explicitFileType = wrapper.application; includeInIndex = 0; path = TodoPro.app; sourceTree = BUILT_PRODUCTS_DIR; };
		C05C1E132F3DCDD5007DA26B /* TodoProTests.xctest */ = {isa = PBXFileReference; explicitFileType = wrapper.cfbundle; includeInIndex = 0; path = TodoProTests.xctest; sourceTree = BUILT_PRODUCTS_DIR; };
		C05C1E1D2F3DCDD5007DA26B /* TodoProUITests.xctest */ = {isa = PBXFileReference; explicitFileType = wrapper.cfbundle; includeInIndex = 0; path = TodoProUITests.xctest; sourceTree = BUILT_PRODUCTS_DIR; };
/* End PBXFileReference section */

/* Begin PBXFileSystemSynchronizedBuildFileExceptionSet section */
		C05C1E3E2F3DD053007DA26B /* Exceptions for "TodoPro" folder in "TodoPro" target */ = {
			isa = PBXFileSystemSynchronizedBuildFileExceptionSet;
			membershipExceptions = (
			);
			target = C05C1E032F3DCDD4007DA26B /* TodoPro */;
		};
/* End PBXFileSystemSynchronizedBuildFileExceptionSet section */

/* Begin PBXFileSystemSynchronizedGroupBuildPhaseMembershipExceptionSet section */
		C05C1E3F2F3DD053007DA26B /* Exceptions for "TodoPro" folder in "Copy Bundle Resources" phase from "TodoPro" target */ = {
			isa = PBXFileSystemSynchronizedGroupBuildPhaseMembershipExceptionSet;
			buildPhase = C05C1E022F3DCDD4007DA26B /* Resources */;
			membershipExceptions = (
			);
		};
/* End PBXFileSystemSynchronizedGroupBuildPhaseMembershipExceptionSet section */

/* Begin PBXFileSystemSynchronizedRootGroup section */
		C05C1E062F3DCDD4007DA26B /* TodoPro */ = {
			isa = PBXFileSystemSynchronizedRootGroup;
			exceptions = (
				C05C1E3E2F3DD053007DA26B /* Exceptions for "TodoPro" folder in "TodoPro" target */,
				C05C1E3F2F3DD053007DA26B /* Exceptions for "TodoPro" folder in "Copy Bundle Resources" phase from "TodoPro" target */,
			);
			path = TodoPro;
			sourceTree = "<group>";
		};
		C05C1E162F3DCDD5007DA26B /* TodoProTests */ = {
			isa = PBXFileSystemSynchronizedRootGroup;
			path = TodoProTests;
			sourceTree = "<group>";
		};
		C05C1E202F3DCDD5007DA26B /* TodoProUITests */ = {
			isa = PBXFileSystemSynchronizedRootGroup;
			path = TodoProUITests;
			sourceTree = "<group>";
		};
/* End PBXFileSystemSynchronizedRootGroup section */

/* Begin PBXFrameworksBuildPhase section */
		C05C1E012F3DCDD4007DA26B /* Frameworks */ = {
			isa = PBXFrameworksBuildPhase;
			buildActionMask = 2147483647;
			files = (
			);
			runOnlyForDeploymentPostprocessing = 0;
		};
		C05C1E102F3DCDD5007DA26B /* Frameworks */ = {
			isa = PBXFrameworksBuildPhase;
			buildActionMask = 2147483647;
			files = (
			);
			runOnlyForDeploymentPostprocessing = 0;
		};
		C05C1E1A2F3DCDD5007DA26B /* Frameworks */ = {
			isa = PBXFrameworksBuildPhase;
			buildActionMask = 2147483647;
			files = (
			);
			runOnlyForDeploymentPostprocessing = 0;
		};
/* End PBXFrameworksBuildPhase section */

/* Begin PBXGroup section */
		C05C1DFB2F3DCDD4007DA26B = {
			isa = PBXGroup;
			children = (
				C05C1E062F3DCDD4007DA26B /* TodoPro */,
				C05C1E162F3DCDD5007DA26B /* TodoProTests */,
				C05C1E202F3DCDD5007DA26B /* TodoProUITests */,
				C05C1E052F3DCDD4007DA26B /* Products */,
			);
			sourceTree = "<group>";
		};
		C05C1E052F3DCDD4007DA26B /* Products */ = {
			isa = PBXGroup;
			children = (
				C05C1E042F3DCDD4007DA26B /* TodoPro.app */,
				C05C1E132F3DCDD5007DA26B /* TodoProTests.xctest */,
				C05C1E1D2F3DCDD5007DA26B /* TodoProUITests.xctest */,
			);
			name = Products;
			sourceTree = "<group>";
		};
/* End PBXGroup section */

/* Begin PBXNativeTarget section */
		C05C1E032F3DCDD4007DA26B /* TodoPro */ = {
			isa = PBXNativeTarget;
			buildConfigurationList = C05C1E272F3DCDD5007DA26B /* Build configuration list for PBXNativeTarget "TodoPro" */;
			buildPhases = (
				C05C1E002F3DCDD4007DA26B /* Sources */,
				C05C1E012F3DCDD4007DA26B /* Frameworks */,
				C05C1E022F3DCDD4007DA26B /* Resources */,
			);
			buildRules = (
			);
			dependencies = (
			);
			fileSystemSynchronizedGroups = (
				C05C1E062F3DCDD4007DA26B /* TodoPro */,
			);
			name = TodoPro;
			packageProductDependencies = (
			);
			productName = TodoPro;
			productReference = C05C1E042F3DCDD4007DA26B /* TodoPro.app */;
			productType = "com.apple.product-type.application";
		};
		C05C1E122F3DCDD5007DA26B /* TodoProTests */ = {
			isa = PBXNativeTarget;
			buildConfigurationList = C05C1E2A2F3DCDD5007DA26B /* Build configuration list for PBXNativeTarget "TodoProTests" */;
			buildPhases = (
				C05C1E0F2F3DCDD5007DA26B /* Sources */,
				C05C1E102F3DCDD5007DA26B /* Frameworks */,
				C05C1E112F3DCDD5007DA26B /* Resources */,
			);
			buildRules = (
			);
			dependencies = (
				C05C1E152F3DCDD5007DA26B /* PBXTargetDependency */,
			);
			fileSystemSynchronizedGroups = (
				C05C1E162F3DCDD5007DA26B /* TodoProTests */,
			);
			name = TodoProTests;
			packageProductDependencies = (
			);
			productName = TodoProTests;
			productReference = C05C1E132F3DCDD5007DA26B /* TodoProTests.xctest */;
			productType = "com.apple.product-type.bundle.unit-test";
		};
		C05C1E1C2F3DCDD5007DA26B /* TodoProUITests */ = {
			isa = PBXNativeTarget;
			buildConfigurationList = C05C1E2D2F3DCDD5007DA26B /* Build configuration list for PBXNativeTarget "TodoProUITests" */;
			buildPhases = (
				C05C1E192F3DCDD5007DA26B /* Sources */,
				C05C1E1A2F3DCDD5007DA26B /* Frameworks */,
				C05C1E1B2F3DCDD5007DA26B /* Resources */,
			);
			buildRules = (
			);
			dependencies = (
				C05C1E1F2F3DCDD5007DA26B /* PBXTargetDependency */,
			);
			fileSystemSynchronizedGroups = (
				C05C1E202F3DCDD5007DA26B /* TodoProUITests */,
			);
			name = TodoProUITests;
			packageProductDependencies = (
			);
			productName = TodoProUITests;
			productReference = C05C1E1D2F3DCDD5007DA26B /* TodoProUITests.xctest */;
			productType = "com.apple.product-type.bundle.ui-testing";
		};
/* End PBXNativeTarget section */

/* Begin PBXProject section */
		C05C1DFC2F3DCDD4007DA26B /* Project object */ = {
			isa = PBXProject;
			attributes = {
				BuildIndependentTargetsInParallel = 1;
				LastSwiftUpdateCheck = 2620;
				LastUpgradeCheck = 2620;
				TargetAttributes = {
					C05C1E032F3DCDD4007DA26B = {
						CreatedOnToolsVersion = 26.2;
					};
					C05C1E122F3DCDD5007DA26B = {
						CreatedOnToolsVersion = 26.2;
						TestTargetID = C05C1E032F3DCDD4007DA26B;
					};
					C05C1E1C2F3DCDD5007DA26B = {
						CreatedOnToolsVersion = 26.2;
						TestTargetID = C05C1E032F3DCDD4007DA26B;
					};
				};
			};
			buildConfigurationList = C05C1DFF2F3DCDD4007DA26B /* Build configuration list for PBXProject "TodoPro" */;
			developmentRegion = en;
			hasScannedForEncodings = 0;
			knownRegions = (
				en,
				Base,
			);
			mainGroup = C05C1DFB2F3DCDD4007DA26B;
			minimizedProjectReferenceProxies = 1;
			preferredProjectObjectVersion = 77;
			productRefGroup = C05C1E052F3DCDD4007DA26B /* Products */;
			projectDirPath = "";
			projectRoot = "";
			targets = (
				C05C1E032F3DCDD4007DA26B /* TodoPro */,
				C05C1E122F3DCDD5007DA26B /* TodoProTests */,
				C05C1E1C2F3DCDD5007DA26B /* TodoProUITests */,
			);
		};
/* End PBXProject section */

/* Begin PBXResourcesBuildPhase section */
		C05C1E022F3DCDD4007DA26B /* Resources */ = {
			isa = PBXResourcesBuildPhase;
			buildActionMask = 2147483647;
			files = (
			);
			runOnlyForDeploymentPostprocessing = 0;
		};
		C05C1E112F3DCDD5007DA26B /* Resources */ = {
			isa = PBXResourcesBuildPhase;
			buildActionMask = 2147483647;
			files = (
			);
			runOnlyForDeploymentPostprocessing = 0;
		};
		C05C1E1B2F3DCDD5007DA26B /* Resources */ = {
			isa = PBXResourcesBuildPhase;
			buildActionMask = 2147483647;
			files = (
			);
			runOnlyForDeploymentPostprocessing = 0;
		};
/* End PBXResourcesBuildPhase section */

/* Begin PBXSourcesBuildPhase section */
		C05C1E002F3DCDD4007DA26B /* Sources */ = {
			isa = PBXSourcesBuildPhase;
			buildActionMask = 2147483647;
			files = (
			);
			runOnlyForDeploymentPostprocessing = 0;
		};
		C05C1E0F2F3DCDD5007DA26B /* Sources */ = {
			isa = PBXSourcesBuildPhase;
			buildActionMask = 2147483647;
			files = (
			);
			runOnlyForDeploymentPostprocessing = 0;
		};
		C05C1E192F3DCDD5007DA26B /* Sources */ = {
			isa = PBXSourcesBuildPhase;
			buildActionMask = 2147483647;
			files = (
			);
			runOnlyForDeploymentPostprocessing = 0;
		};
/* End PBXSourcesBuildPhase section */

/* Begin PBXTargetDependency section */
		C05C1E152F3DCDD5007DA26B /* PBXTargetDependency */ = {
			isa = PBXTargetDependency;
			target = C05C1E032F3DCDD4007DA26B /* TodoPro */;
			targetProxy = C05C1E142F3DCDD5007DA26B /* PBXContainerItemProxy */;
		};
		C05C1E1F2F3DCDD5007DA26B /* PBXTargetDependency */ = {
			isa = PBXTargetDependency;
			target = C05C1E032F3DCDD4007DA26B /* TodoPro */;
			targetProxy = C05C1E1E2F3DCDD5007DA26B /* PBXContainerItemProxy */;
		};
/* End PBXTargetDependency section */

/* Begin XCBuildConfiguration section */
		C05C1E252F3DCDD5007DA26B /* Debug */ = {
			isa = XCBuildConfiguration;
			buildSettings = {
				ALWAYS_SEARCH_USER_PATHS = NO;
				ASSETCATALOG_COMPILER_GENERATE_SWIFT_ASSET_SYMBOL_EXTENSIONS = YES;
				CLANG_ANALYZER_NONNULL = YES;
				CLANG_ANALYZER_NUMBER_OBJECT_CONVERSION = YES_AGGRESSIVE;
				CLANG_CXX_LANGUAGE_STANDARD = "gnu++20";
				CLANG_ENABLE_MODULES = YES;
				CLANG_ENABLE_OBJC_ARC = YES;
				CLANG_ENABLE_OBJC_WEAK = YES;
				CLANG_WARN_BLOCK_CAPTURE_AUTORELEASING = YES;
				CLANG_WARN_BOOL_CONVERSION = YES;
				CLANG_WARN_COMMA = YES;
				CLANG_WARN_CONSTANT_CONVERSION = YES;
				CLANG_WARN_DEPRECATED_OBJC_IMPLEMENTATIONS = YES;
				CLANG_WARN_DIRECT_OBJC_ISA_USAGE = YES_ERROR;
				CLANG_WARN_DOCUMENTATION_COMMENTS = YES;
				CLANG_WARN_EMPTY_BODY = YES;
				CLANG_WARN_ENUM_CONVERSION = YES;
				CLANG_WARN_INFINITE_RECURSION = YES;
				CLANG_WARN_INT_CONVERSION = YES;
				CLANG_WARN_NON_LITERAL_NULL_CONVERSION = YES;
				CLANG_WARN_OBJC_IMPLICIT_RETAIN_SELF = YES;
				CLANG_WARN_OBJC_LITERAL_CONVERSION = YES;
				CLANG_WARN_OBJC_ROOT_CLASS = YES_ERROR;
				CLANG_WARN_QUOTED_INCLUDE_IN_FRAMEWORK_HEADER = YES;
				CLANG_WARN_RANGE_LOOP_ANALYSIS = YES;
				CLANG_WARN_STRICT_PROTOTYPES = YES;
				CLANG_WARN_SUSPICIOUS_MOVE = YES;
				CLANG_WARN_UNGUARDED_AVAILABILITY = YES_AGGRESSIVE;
				CLANG_WARN_UNREACHABLE_CODE = YES;
				CLANG_WARN__DUPLICATE_METHOD_MATCH = YES;
				COPY_PHASE_STRIP = NO;
				DEBUG_INFORMATION_FORMAT = dwarf;
				DEVELOPMENT_TEAM = 956SJTN966;
				ENABLE_STRICT_OBJC_MSGSEND = YES;
				ENABLE_TESTABILITY = YES;
				ENABLE_USER_SCRIPT_SANDBOXING = YES;
				GCC_C_LANGUAGE_STANDARD = gnu17;
				GCC_DYNAMIC_NO_PIC = NO;
				GCC_NO_COMMON_BLOCKS = YES;
				GCC_OPTIMIZATION_LEVEL = 0;
				GCC_PREPROCESSOR_DEFINITIONS = (
					"DEBUG=1",
					"$(inherited)",
				);
				GCC_WARN_64_TO_32_BIT_CONVERSION = YES;
				GCC_WARN_ABOUT_RETURN_TYPE = YES_ERROR;
				GCC_WARN_UNDECLARED_SELECTOR = YES;
				GCC_WARN_UNINITIALIZED_AUTOS = YES_AGGRESSIVE;
				GCC_WARN_UNUSED_FUNCTION = YES;
				GCC_WARN_UNUSED_VARIABLE = YES;
				IPHONEOS_DEPLOYMENT_TARGET = 26.2;
				LOCALIZATION_PREFERS_STRING_CATALOGS = YES;
				MTL_ENABLE_DEBUG_INFO = INCLUDE_SOURCE;
				MTL_FAST_MATH = YES;
				ONLY_ACTIVE_ARCH = YES;
				SDKROOT = iphoneos;
				SWIFT_ACTIVE_COMPILATION_CONDITIONS = "DEBUG $(inherited)";
				SWIFT_OPTIMIZATION_LEVEL = "-Onone";
			};
			name = Debug;
		};
		C05C1E262F3DCDD5007DA26B /* Release */ = {
			isa = XCBuildConfiguration;
			buildSettings = {
				ALWAYS_SEARCH_USER_PATHS = NO;
				ASSETCATALOG_COMPILER_GENERATE_SWIFT_ASSET_SYMBOL_EXTENSIONS = YES;
				CLANG_ANALYZER_NONNULL = YES;
				CLANG_ANALYZER_NUMBER_OBJECT_CONVERSION = YES_AGGRESSIVE;
				CLANG_CXX_LANGUAGE_STANDARD = "gnu++20";
				CLANG_ENABLE_MODULES = YES;
				CLANG_ENABLE_OBJC_ARC = YES;
				CLANG_ENABLE_OBJC_WEAK = YES;
				CLANG_WARN_BLOCK_CAPTURE_AUTORELEASING = YES;
				CLANG_WARN_BOOL_CONVERSION = YES;
				CLANG_WARN_COMMA = YES;
				CLANG_WARN_CONSTANT_CONVERSION = YES;
				CLANG_WARN_DEPRECATED_OBJC_IMPLEMENTATIONS = YES;
				CLANG_WARN_DIRECT_OBJC_ISA_USAGE = YES_ERROR;
				CLANG_WARN_DOCUMENTATION_COMMENTS = YES;
				CLANG_WARN_EMPTY_BODY = YES;
				CLANG_WARN_ENUM_CONVERSION = YES;
				CLANG_WARN_INFINITE_RECURSION = YES;
				CLANG_WARN_INT_CONVERSION = YES;
				CLANG_WARN_NON_LITERAL_NULL_CONVERSION = YES;
				CLANG_WARN_OBJC_IMPLICIT_RETAIN_SELF = YES;
				CLANG_WARN_OBJC_LITERAL_CONVERSION = YES;
				CLANG_WARN_OBJC_ROOT_CLASS = YES_ERROR;
				CLANG_WARN_QUOTED_INCLUDE_IN_FRAMEWORK_HEADER = YES;
				CLANG_WARN_RANGE_LOOP_ANALYSIS = YES;
				CLANG_WARN_STRICT_PROTOTYPES = YES;
				CLANG_WARN_SUSPICIOUS_MOVE = YES;
				CLANG_WARN_UNGUARDED_AVAILABILITY = YES_AGGRESSIVE;
				CLANG_WARN_UNREACHABLE_CODE = YES;
				CLANG_WARN__DUPLICATE_METHOD_MATCH = YES;
				COPY_PHASE_STRIP = NO;
				DEBUG_INFORMATION_FORMAT = "dwarf-with-dsym";
				DEVELOPMENT_TEAM = 956SJTN966;
				ENABLE_NS_ASSERTIONS = NO;
				ENABLE_STRICT_OBJC_MSGSEND = YES;
				ENABLE_USER_SCRIPT_SANDBOXING = YES;
				GCC_C_LANGUAGE_STANDARD = gnu17;
				GCC_NO_COMMON_BLOCKS = YES;
				GCC_WARN_64_TO_32_BIT_CONVERSION = YES;
				GCC_WARN_ABOUT_RETURN_TYPE = YES_ERROR;
				GCC_WARN_UNDECLARED_SELECTOR = YES;
				GCC_WARN_UNINITIALIZED_AUTOS = YES_AGGRESSIVE;
				GCC_WARN_UNUSED_FUNCTION = YES;
				GCC_WARN_UNUSED_VARIABLE = YES;
				IPHONEOS_DEPLOYMENT_TARGET = 26.2;
				LOCALIZATION_PREFERS_STRING_CATALOGS = YES;
				MTL_ENABLE_DEBUG_INFO = NO;
				MTL_FAST_MATH = YES;
				SDKROOT = iphoneos;
				SWIFT_COMPILATION_MODE = wholemodule;
				VALIDATE_PRODUCT = YES;
			};
			name = Release;
		};
		C05C1E282F3DCDD5007DA26B /* Debug */ = {
			isa = XCBuildConfiguration;
			buildSettings = {
				ASSETCATALOG_COMPILER_APPICON_NAME = AppIcon;
				ASSETCATALOG_COMPILER_GLOBAL_ACCENT_COLOR_NAME = AccentColor;
				CODE_SIGN_STYLE = Automatic;
				CURRENT_PROJECT_VERSION = 1;
				DEVELOPMENT_TEAM = 956SJTN966;
				ENABLE_PREVIEWS = YES;
				GENERATE_INFOPLIST_FILE = YES;
				INFOPLIST_KEY_UIApplicationSceneManifest_Generation = YES;
				INFOPLIST_KEY_UIApplicationSupportsIndirectInputEvents = YES;
				INFOPLIST_KEY_UILaunchScreen_Generation = YES;
				INFOPLIST_KEY_UISupportedInterfaceOrientations_iPad = "UIInterfaceOrientationPortrait UIInterfaceOrientationPortraitUpsideDown UIInterfaceOrientationLandscapeLeft UIInterfaceOrientationLandscapeRight";
				INFOPLIST_KEY_UISupportedInterfaceOrientations_iPhone = "UIInterfaceOrientationPortrait UIInterfaceOrientationLandscapeLeft UIInterfaceOrientationLandscapeRight";
				LD_RUNPATH_SEARCH_PATHS = (
					"$(inherited)",
					"@executable_path/Frameworks",
				);
				MARKETING_VERSION = 1.0;
				PRODUCT_BUNDLE_IDENTIFIER = Arkinazizi.TodoPro;
				PRODUCT_NAME = "$(TARGET_NAME)";
				STRING_CATALOG_GENERATE_SYMBOLS = YES;
				SWIFT_APPROACHABLE_CONCURRENCY = YES;
				SWIFT_DEFAULT_ACTOR_ISOLATION = MainActor;
				SWIFT_EMIT_LOC_STRINGS = YES;
				SWIFT_UPCOMING_FEATURE_MEMBER_IMPORT_VISIBILITY = YES;
				SWIFT_VERSION = 5.0;
				TARGETED_DEVICE_FAMILY = "1,2";
			};
			name = Debug;
		};
		C05C1E292F3DCDD5007DA26B /* Release */ = {
			isa = XCBuildConfiguration;
			buildSettings = {
				ASSETCATALOG_COMPILER_APPICON_NAME = AppIcon;
				ASSETCATALOG_COMPILER_GLOBAL_ACCENT_COLOR_NAME = AccentColor;
				CODE_SIGN_STYLE = Automatic;
				CURRENT_PROJECT_VERSION = 1;
				DEVELOPMENT_TEAM = 956SJTN966;
				ENABLE_PREVIEWS = YES;
				GENERATE_INFOPLIST_FILE = YES;
				INFOPLIST_KEY_UIApplicationSceneManifest_Generation = YES;
				INFOPLIST_KEY_UIApplicationSupportsIndirectInputEvents = YES;
				INFOPLIST_KEY_UILaunchScreen_Generation = YES;
				INFOPLIST_KEY_UISupportedInterfaceOrientations_iPad = "UIInterfaceOrientationPortrait UIInterfaceOrientationPortraitUpsideDown UIInterfaceOrientationLandscapeLeft UIInterfaceOrientationLandscapeRight";
				INFOPLIST_KEY_UISupportedInterfaceOrientations_iPhone = "UIInterfaceOrientationPortrait UIInterfaceOrientationLandscapeLeft UIInterfaceOrientationLandscapeRight";
				LD_RUNPATH_SEARCH_PATHS = (
					"$(inherited)",
					"@executable_path/Frameworks",
				);
				MARKETING_VERSION = 1.0;
				PRODUCT_BUNDLE_IDENTIFIER = Arkinazizi.TodoPro;
				PRODUCT_NAME = "$(TARGET_NAME)";
				STRING_CATALOG_GENERATE_SYMBOLS = YES;
				SWIFT_APPROACHABLE_CONCURRENCY = YES;
				SWIFT_DEFAULT_ACTOR_ISOLATION = MainActor;
				SWIFT_EMIT_LOC_STRINGS = YES;
				SWIFT_UPCOMING_FEATURE_MEMBER_IMPORT_VISIBILITY = YES;
				SWIFT_VERSION = 5.0;
				TARGETED_DEVICE_FAMILY = "1,2";
			};
			name = Release;
		};
		C05C1E2B2F3DCDD5007DA26B /* Debug */ = {
			isa = XCBuildConfiguration;
			buildSettings = {
				BUNDLE_LOADER = "$(TEST_HOST)";
				CODE_SIGN_STYLE = Automatic;
				CURRENT_PROJECT_VERSION = 1;
				DEVELOPMENT_TEAM = 956SJTN966;
				GENERATE_INFOPLIST_FILE = YES;
				IPHONEOS_DEPLOYMENT_TARGET = 26.2;
				MARKETING_VERSION = 1.0;
				PRODUCT_BUNDLE_IDENTIFIER = Arkinazizi.TodoProTests;
				PRODUCT_NAME = "$(TARGET_NAME)";
				STRING_CATALOG_GENERATE_SYMBOLS = NO;
				SWIFT_APPROACHABLE_CONCURRENCY = YES;
				SWIFT_EMIT_LOC_STRINGS = NO;
				SWIFT_UPCOMING_FEATURE_MEMBER_IMPORT_VISIBILITY = YES;
				SWIFT_VERSION = 5.0;
				TARGETED_DEVICE_FAMILY = "1,2";
				TEST_HOST = "$(BUILT_PRODUCTS_DIR)/TodoPro.app/$(BUNDLE_EXECUTABLE_FOLDER_PATH)/TodoPro";
			};
			name = Debug;
		};
		C05C1E2C2F3DCDD5007DA26B /* Release */ = {
			isa = XCBuildConfiguration;
			buildSettings = {
				BUNDLE_LOADER = "$(TEST_HOST)";
				CODE_SIGN_STYLE = Automatic;
				CURRENT_PROJECT_VERSION = 1;
				DEVELOPMENT_TEAM = 956SJTN966;
				GENERATE_INFOPLIST_FILE = YES;
				IPHONEOS_DEPLOYMENT_TARGET = 26.2;
				MARKETING_VERSION = 1.0;
				PRODUCT_BUNDLE_IDENTIFIER = Arkinazizi.TodoProTests;
				PRODUCT_NAME = "$(TARGET_NAME)";
				STRING_CATALOG_GENERATE_SYMBOLS = NO;
				SWIFT_APPROACHABLE_CONCURRENCY = YES;
				SWIFT_EMIT_LOC_STRINGS = NO;
				SWIFT_UPCOMING_FEATURE_MEMBER_IMPORT_VISIBILITY = YES;
				SWIFT_VERSION = 5.0;
				TARGETED_DEVICE_FAMILY = "1,2";
				TEST_HOST = "$(BUILT_PRODUCTS_DIR)/TodoPro.app/$(BUNDLE_EXECUTABLE_FOLDER_PATH)/TodoPro";
			};
			name = Release;
		};
		C05C1E2E2F3DCDD5007DA26B /* Debug */ = {
			isa = XCBuildConfiguration;
			buildSettings = {
				CODE_SIGN_STYLE = Automatic;
				CURRENT_PROJECT_VERSION = 1;
				DEVELOPMENT_TEAM = 956SJTN966;
				GENERATE_INFOPLIST_FILE = YES;
				MARKETING_VERSION = 1.0;
				PRODUCT_BUNDLE_IDENTIFIER = Arkinazizi.TodoProUITests;
				PRODUCT_NAME = "$(TARGET_NAME)";
				STRING_CATALOG_GENERATE_SYMBOLS = NO;
				SWIFT_APPROACHABLE_CONCURRENCY = YES;
				SWIFT_EMIT_LOC_STRINGS = NO;
				SWIFT_UPCOMING_FEATURE_MEMBER_IMPORT_VISIBILITY = YES;
				SWIFT_VERSION = 5.0;
				TARGETED_DEVICE_FAMILY = "1,2";
				TEST_TARGET_NAME = TodoPro;
			};
			name = Debug;
		};
		C05C1E2F2F3DCDD5007DA26B /* Release */ = {
			isa = XCBuildConfiguration;
			buildSettings = {
				CODE_SIGN_STYLE = Automatic;
				CURRENT_PROJECT_VERSION = 1;
				DEVELOPMENT_TEAM = 956SJTN966;
				GENERATE_INFOPLIST_FILE = YES;
				MARKETING_VERSION = 1.0;
				PRODUCT_BUNDLE_IDENTIFIER = Arkinazizi.TodoProUITests;
				PRODUCT_NAME = "$(TARGET_NAME)";
				STRING_CATALOG_GENERATE_SYMBOLS = NO;
				SWIFT_APPROACHABLE_CONCURRENCY = YES;
				SWIFT_EMIT_LOC_STRINGS = NO;
				SWIFT_UPCOMING_FEATURE_MEMBER_IMPORT_VISIBILITY = YES;
				SWIFT_VERSION = 5.0;
				TARGETED_DEVICE_FAMILY = "1,2";
				TEST_TARGET_NAME = TodoPro;
			};
			name = Release;
		};
/* End XCBuildConfiguration section */

/* Begin XCConfigurationList section */
		C05C1DFF2F3DCDD4007DA26B /* Build configuration list for PBXProject "TodoPro" */ = {
			isa = XCConfigurationList;
			buildConfigurations = (
				C05C1E252F3DCDD5007DA26B /* Debug */,
				C05C1E262F3DCDD5007DA26B /* Release */,
			);
			defaultConfigurationIsVisible = 0;
			defaultConfigurationName = Release;
		};
		C05C1E272F3DCDD5007DA26B /* Build configuration list for PBXNativeTarget "TodoPro" */ = {
			isa = XCConfigurationList;
			buildConfigurations = (
				C05C1E282F3DCDD5007DA26B /* Debug */,
				C05C1E292F3DCDD5007DA26B /* Release */,
			);
			defaultConfigurationIsVisible = 0;
			defaultConfigurationName = Release;
		};
		C05C1E2A2F3DCDD5007DA26B /* Build configuration list for PBXNativeTarget "TodoProTests" */ = {
			isa = XCConfigurationList;
			buildConfigurations = (
				C05C1E2B2F3DCDD5007DA26B /* Debug */,
				C05C1E2C2F3DCDD5007DA26B /* Release */,
			);
			defaultConfigurationIsVisible = 0;
			defaultConfigurationName = Release;
		};
		C05C1E2D2F3DCDD5007DA26B /* Build configuration list for PBXNativeTarget "TodoProUITests" */ = {
			isa = XCConfigurationList;
			buildConfigurations = (
				C05C1E2E2F3DCDD5007DA26B /* Debug */,
				C05C1E2F2F3DCDD5007DA26B /* Release */,
			);
			defaultConfigurationIsVisible = 0;
			defaultConfigurationName = Release;
		};
/* End XCConfigurationList section */
	};
	rootObject = C05C1DFC2F3DCDD4007DA26B /* Project object */;
}
